// !$*UTF8*$!
{
	archiveVersion = 1;
	classes = {
	};
	objectVersion = 50;
	objects = {

/* Begin PBXBuildFile section */
		07B1ECF4268106E300B1C957 /* AppDelegate.swift in Sources */ = {isa = PBXBuildFile; fileRef = 07B1ECF3268106E300B1C957 /* AppDelegate.swift */; };
		07B1ECF6268106E300B1C957 /* SceneDelegate.swift in Sources */ = {isa = PBXBuildFile; fileRef = 07B1ECF5268106E300B1C957 /* SceneDelegate.swift */; };
		07B1ECF8268106E300B1C957 /* ViewController.swift in Sources */ = {isa = PBXBuildFile; fileRef = 07B1ECF7268106E300B1C957 /* ViewController.swift */; };
		07B1ECFB268106E300B1C957 /* Main.storyboard in Resources */ = {isa = PBXBuildFile; fileRef = 07B1ECF9268106E300B1C957 /* Main.storyboard */; };
		07B1ECFD268106E600B1C957 /* Assets.xcassets in Resources */ = {isa = PBXBuildFile; fileRef = 07B1ECFC268106E600B1C957 /* Assets.xcassets */; };
		07B1ED00268106E600B1C957 /* LaunchScreen.storyboard in Resources */ = {isa = PBXBuildFile; fileRef = 07B1ECFE268106E600B1C957 /* LaunchScreen.storyboard */; };
		07B1ED08268110A000B1C957 /* Library.swift in Sources */ = {isa = PBXBuildFile; fileRef = 07B1ED07268110A000B1C957 /* Library.swift */; };
		07B1ED0A268110CC00B1C957 /* Favorites.swift in Sources */ = {isa = PBXBuildFile; fileRef = 07B1ED09268110CC00B1C957 /* Favorites.swift */; };
		07B1ED0C268110F300B1C957 /* AlbumPlaylistDetails.swift in Sources */ = {isa = PBXBuildFile; fileRef = 07B1ED0B268110F300B1C957 /* AlbumPlaylistDetails.swift */; };
		07B1ED0E2681110D00B1C957 /* AlbumInfo.swift in Sources */ = {isa = PBXBuildFile; fileRef = 07B1ED0D2681110D00B1C957 /* AlbumInfo.swift */; };
		07B1ED102681112300B1C957 /* Playing.swift in Sources */ = {isa = PBXBuildFile; fileRef = 07B1ED0F2681112300B1C957 /* Playing.swift */; };
		384122D5268240BA00CBE272 /* AlbumDetailsCell.swift in Sources */ = {isa = PBXBuildFile; fileRef = 384122D4268240BA00CBE272 /* AlbumDetailsCell.swift */; };
		386D73202681092B004DE059 /* data.json in Resources */ = {isa = PBXBuildFile; fileRef = 386D731E2681092A004DE059 /* data.json */; };
		386D73212681092B004DE059 /* MusicService.swift in Sources */ = {isa = PBXBuildFile; fileRef = 386D731F2681092B004DE059 /* MusicService.swift */; };
		3896C57D2683ABAD00504A58 /* AlbumDetailsOthersCell.swift in Sources */ = {isa = PBXBuildFile; fileRef = 3896C57C2683ABAD00504A58 /* AlbumDetailsOthersCell.swift */; };
		3896C57F2683B6E700504A58 /* LibraryCellsTableViewCell.swift in Sources */ = {isa = PBXBuildFile; fileRef = 3896C57E2683B6E700504A58 /* LibraryCellsTableViewCell.swift */; };
		3896C5812683C44800504A58 /* FavoritesCell.swift in Sources */ = {isa = PBXBuildFile; fileRef = 3896C5802683C44800504A58 /* FavoritesCell.swift */; };
/* End PBXBuildFile section */

/* Begin PBXFileReference section */
		07B1ECF0268106E300B1C957 /* SpotibyMusic.app */ = {isa = PBXFileReference; explicitFileType = wrapper.application; includeInIndex = 0; path = SpotibyMusic.app; sourceTree = BUILT_PRODUCTS_DIR; };
		07B1ECF3268106E300B1C957 /* AppDelegate.swift */ = {isa = PBXFileReference; lastKnownFileType = sourcecode.swift; path = AppDelegate.swift; sourceTree = "<group>"; };
		07B1ECF5268106E300B1C957 /* SceneDelegate.swift */ = {isa = PBXFileReference; lastKnownFileType = sourcecode.swift; path = SceneDelegate.swift; sourceTree = "<group>"; };
		07B1ECF7268106E300B1C957 /* ViewController.swift */ = {isa = PBXFileReference; lastKnownFileType = sourcecode.swift; path = ViewController.swift; sourceTree = "<group>"; };
		07B1ECFA268106E300B1C957 /* Base */ = {isa = PBXFileReference; lastKnownFileType = file.storyboard; name = Base; path = Base.lproj/Main.storyboard; sourceTree = "<group>"; };
		07B1ECFC268106E600B1C957 /* Assets.xcassets */ = {isa = PBXFileReference; lastKnownFileType = folder.assetcatalog; path = Assets.xcassets; sourceTree = "<group>"; };
		07B1ECFF268106E600B1C957 /* Base */ = {isa = PBXFileReference; lastKnownFileType = file.storyboard; name = Base; path = Base.lproj/LaunchScreen.storyboard; sourceTree = "<group>"; };
		07B1ED01268106E600B1C957 /* Info.plist */ = {isa = PBXFileReference; lastKnownFileType = text.plist.xml; path = Info.plist; sourceTree = "<group>"; };
		07B1ED07268110A000B1C957 /* Library.swift */ = {isa = PBXFileReference; lastKnownFileType = sourcecode.swift; path = Library.swift; sourceTree = "<group>"; };
		07B1ED09268110CC00B1C957 /* Favorites.swift */ = {isa = PBXFileReference; lastKnownFileType = sourcecode.swift; path = Favorites.swift; sourceTree = "<group>"; };
		07B1ED0B268110F300B1C957 /* AlbumPlaylistDetails.swift */ = {isa = PBXFileReference; lastKnownFileType = sourcecode.swift; path = AlbumPlaylistDetails.swift; sourceTree = "<group>"; };
		07B1ED0D2681110D00B1C957 /* AlbumInfo.swift */ = {isa = PBXFileReference; lastKnownFileType = sourcecode.swift; path = AlbumInfo.swift; sourceTree = "<group>"; };
		07B1ED0F2681112300B1C957 /* Playing.swift */ = {isa = PBXFileReference; lastKnownFileType = sourcecode.swift; path = Playing.swift; sourceTree = "<group>"; };
		384122D4268240BA00CBE272 /* AlbumDetailsCell.swift */ = {isa = PBXFileReference; lastKnownFileType = sourcecode.swift; path = AlbumDetailsCell.swift; sourceTree = "<group>"; };
		386D731E2681092A004DE059 /* data.json */ = {isa = PBXFileReference; fileEncoding = 4; lastKnownFileType = text.json; path = data.json; sourceTree = "<group>"; };
		386D731F2681092B004DE059 /* MusicService.swift */ = {isa = PBXFileReference; fileEncoding = 4; lastKnownFileType = sourcecode.swift; path = MusicService.swift; sourceTree = "<group>"; };
		3896C57C2683ABAD00504A58 /* AlbumDetailsOthersCell.swift */ = {isa = PBXFileReference; lastKnownFileType = sourcecode.swift; path = AlbumDetailsOthersCell.swift; sourceTree = "<group>"; };
		3896C57E2683B6E700504A58 /* LibraryCellsTableViewCell.swift */ = {isa = PBXFileReference; lastKnownFileType = sourcecode.swift; path = LibraryCellsTableViewCell.swift; sourceTree = "<group>"; };
		3896C5802683C44800504A58 /* FavoritesCell.swift */ = {isa = PBXFileReference; lastKnownFileType = sourcecode.swift; path = FavoritesCell.swift; sourceTree = "<group>"; };
/* End PBXFileReference section */

/* Begin PBXFrameworksBuildPhase section */
		07B1ECED268106E300B1C957 /* Frameworks */ = {
			isa = PBXFrameworksBuildPhase;
			buildActionMask = 2147483647;
			files = (
			);
			runOnlyForDeploymentPostprocessing = 0;
		};
/* End PBXFrameworksBuildPhase section */

/* Begin PBXGroup section */
		07B1ECE7268106E300B1C957 = {
			isa = PBXGroup;
			children = (
				07B1ECF2268106E300B1C957 /* SpotibyMusic */,
				07B1ECF1268106E300B1C957 /* Products */,
			);
			sourceTree = "<group>";
		};
		07B1ECF1268106E300B1C957 /* Products */ = {
			isa = PBXGroup;
			children = (
				07B1ECF0268106E300B1C957 /* SpotibyMusic.app */,
			);
			name = Products;
			sourceTree = "<group>";
		};
		07B1ECF2268106E300B1C957 /* SpotibyMusic */ = {
			isa = PBXGroup;
			children = (
				386D731E2681092A004DE059 /* data.json */,
				386D731F2681092B004DE059 /* MusicService.swift */,
				07B1ECF3268106E300B1C957 /* AppDelegate.swift */,
				07B1ECF5268106E300B1C957 /* SceneDelegate.swift */,
				07B1ECF7268106E300B1C957 /* ViewController.swift */,
				07B1ECF9268106E300B1C957 /* Main.storyboard */,
				3896C5802683C44800504A58 /* FavoritesCell.swift */,
				3896C57E2683B6E700504A58 /* LibraryCellsTableViewCell.swift */,
				384122D4268240BA00CBE272 /* AlbumDetailsCell.swift */,
				3896C57C2683ABAD00504A58 /* AlbumDetailsOthersCell.swift */,
				07B1ECFC268106E600B1C957 /* Assets.xcassets */,
				07B1ECFE268106E600B1C957 /* LaunchScreen.storyboard */,
				07B1ED01268106E600B1C957 /* Info.plist */,
				07B1ED07268110A000B1C957 /* Library.swift */,
				07B1ED09268110CC00B1C957 /* Favorites.swift */,
				07B1ED0B268110F300B1C957 /* AlbumPlaylistDetails.swift */,
				07B1ED0D2681110D00B1C957 /* AlbumInfo.swift */,
				07B1ED0F2681112300B1C957 /* Playing.swift */,
			);
			path = SpotibyMusic;
			sourceTree = "<group>";
		};
/* End PBXGroup section */

/* Begin PBXNativeTarget section */
		07B1ECEF268106E300B1C957 /* SpotibyMusic */ = {
			isa = PBXNativeTarget;
			buildConfigurationList = 07B1ED04268106E600B1C957 /* Build configuration list for PBXNativeTarget "SpotibyMusic" */;
			buildPhases = (
				07B1ECEC268106E300B1C957 /* Sources */,
				07B1ECED268106E300B1C957 /* Frameworks */,
				07B1ECEE268106E300B1C957 /* Resources */,
			);
			buildRules = (
			);
			dependencies = (
			);
			name = SpotibyMusic;
			productName = SpotibyMusic;
			productReference = 07B1ECF0268106E300B1C957 /* SpotibyMusic.app */;
			productType = "com.apple.product-type.application";
		};
/* End PBXNativeTarget section */

/* Begin PBXProject section */
		07B1ECE8268106E300B1C957 /* Project object */ = {
			isa = PBXProject;
			attributes = {
				LastSwiftUpdateCheck = 1250;
				LastUpgradeCheck = 1250;
				TargetAttributes = {
					07B1ECEF268106E300B1C957 = {
						CreatedOnToolsVersion = 12.5;
					};
				};
			};
			buildConfigurationList = 07B1ECEB268106E300B1C957 /* Build configuration list for PBXProject "SpotibyMusic" */;
			compatibilityVersion = "Xcode 9.3";
			developmentRegion = en;
			hasScannedForEncodings = 0;
			knownRegions = (
				en,
				Base,
			);
			mainGroup = 07B1ECE7268106E300B1C957;
			productRefGroup = 07B1ECF1268106E300B1C957 /* Products */;
			projectDirPath = "";
			projectRoot = "";
			targets = (
				07B1ECEF268106E300B1C957 /* SpotibyMusic */,
			);
		};
/* End PBXProject section */

/* Begin PBXResourcesBuildPhase section */
		07B1ECEE268106E300B1C957 /* Resources */ = {
			isa = PBXResourcesBuildPhase;
			buildActionMask = 2147483647;
			files = (
				07B1ED00268106E600B1C957 /* LaunchScreen.storyboard in Resources */,
				07B1ECFD268106E600B1C957 /* Assets.xcassets in Resources */,
				07B1ECFB268106E300B1C957 /* Main.storyboard in Resources */,
				386D73202681092B004DE059 /* data.json in Resources */,
			);
			runOnlyForDeploymentPostprocessing = 0;
		};
/* End PBXResourcesBuildPhase section */

/* Begin PBXSourcesBuildPhase section */
		07B1ECEC268106E300B1C957 /* Sources */ = {
			isa = PBXSourcesBuildPhase;
			buildActionMask = 2147483647;
			files = (
				3896C57D2683ABAD00504A58 /* AlbumDetailsOthersCell.swift in Sources */,
				07B1ED102681112300B1C957 /* Playing.swift in Sources */,
				07B1ECF8268106E300B1C957 /* ViewController.swift in Sources */,
				07B1ECF4268106E300B1C957 /* AppDelegate.swift in Sources */,
				07B1ED08268110A000B1C957 /* Library.swift in Sources */,
				3896C57F2683B6E700504A58 /* LibraryCellsTableViewCell.swift in Sources */,
				3896C5812683C44800504A58 /* FavoritesCell.swift in Sources */,
				07B1ED0C268110F300B1C957 /* AlbumPlaylistDetails.swift in Sources */,
				07B1ED0A268110CC00B1C957 /* Favorites.swift in Sources */,
				384122D5268240BA00CBE272 /* AlbumDetailsCell.swift in Sources */,
				07B1ECF6268106E300B1C957 /* SceneDelegate.swift in Sources */,
				386D73212681092B004DE059 /* MusicService.swift in Sources */,
				07B1ED0E2681110D00B1C957 /* AlbumInfo.swift in Sources */,
			);
			runOnlyForDeploymentPostprocessing = 0;
		};
/* End PBXSourcesBuildPhase section */

/* Begin PBXVariantGroup section */
		07B1ECF9268106E300B1C957 /* Main.storyboard */ = {
			isa = PBXVariantGroup;
			children = (
				07B1ECFA268106E300B1C957 /* Base */,
			);
			name = Main.storyboard;
			sourceTree = "<group>";
		};
		07B1ECFE268106E600B1C957 /* LaunchScreen.storyboard */ = {
			isa = PBXVariantGroup;
			children = (
				07B1ECFF268106E600B1C957 /* Base */,
			);
			name = LaunchScreen.storyboard;
			sourceTree = "<group>";
		};
/* End PBXVariantGroup section */

/* Begin XCBuildConfiguration section */
		07B1ED02268106E600B1C957 /* Debug */ = {
			isa = XCBuildConfiguration;
			buildSettings = {
				ALWAYS_SEARCH_USER_PATHS = NO;
				CLANG_ANALYZER_NONNULL = YES;
				CLANG_ANALYZER_NUMBER_OBJECT_CONVERSION = YES_AGGRESSIVE;
				CLANG_CXX_LANGUAGE_STANDARD = "gnu++14";
				CLANG_CXX_LIBRARY = "libc++";
				CLANG_ENABLE_MODULES = YES;
				CLANG_ENABLE_OBJC_ARC = YES;
				CLANG_ENABLE_OBJC_WEAK = YES;
				CLANG_WARN_BLOCK_CAPTURE_AUTORELEASING = YES;
				CLANG_WARN_BOOL_CONVERSION = YES;
				CLANG_WARN_COMMA = YES;
				CLANG_WARN_CONSTANT_CONVERSION = YES;
				CLANG_WARN_DEPRECATED_OBJC_IMPLEMENTATIONS = YES;
				CLANG_WARN_DIRECT_OBJC_ISA_USAGE = YES_ERROR;
				CLANG_WARN_DOCUMENTATION_COMMENTS = YES;
				CLANG_WARN_EMPTY_BODY = YES;
				CLANG_WARN_ENUM_CONVERSION = YES;
				CLANG_WARN_INFINITE_RECURSION = YES;
				CLANG_WARN_INT_CONVERSION = YES;
				CLANG_WARN_NON_LITERAL_NULL_CONVERSION = YES;
				CLANG_WARN_OBJC_IMPLICIT_RETAIN_SELF = YES;
				CLANG_WARN_OBJC_LITERAL_CONVERSION = YES;
				CLANG_WARN_OBJC_ROOT_CLASS = YES_ERROR;
				CLANG_WARN_QUOTED_INCLUDE_IN_FRAMEWORK_HEADER = YES;
				CLANG_WARN_RANGE_LOOP_ANALYSIS = YES;
				CLANG_WARN_STRICT_PROTOTYPES = YES;
				CLANG_WARN_SUSPICIOUS_MOVE = YES;
				CLANG_WARN_UNGUARDED_AVAILABILITY = YES_AGGRESSIVE;
				CLANG_WARN_UNREACHABLE_CODE = YES;
				CLANG_WARN__DUPLICATE_METHOD_MATCH = YES;
				COPY_PHASE_STRIP = NO;
				DEBUG_INFORMATION_FORMAT = dwarf;
				ENABLE_STRICT_OBJC_MSGSEND = YES;
				ENABLE_TESTABILITY = YES;
				GCC_C_LANGUAGE_STANDARD = gnu11;
				GCC_DYNAMIC_NO_PIC = NO;
				GCC_NO_COMMON_BLOCKS = YES;
				GCC_OPTIMIZATION_LEVEL = 0;
				GCC_PREPROCESSOR_DEFINITIONS = (
					"DEBUG=1",
					"$(inherited)",
				);
				GCC_WARN_64_TO_32_BIT_CONVERSION = YES;
				GCC_WARN_ABOUT_RETURN_TYPE = YES_ERROR;
				GCC_WARN_UNDECLARED_SELECTOR = YES;
				GCC_WARN_UNINITIALIZED_AUTOS = YES_AGGRESSIVE;
				GCC_WARN_UNUSED_FUNCTION = YES;
				GCC_WARN_UNUSED_VARIABLE = YES;
				IPHONEOS_DEPLOYMENT_TARGET = 14.5;
				MTL_ENABLE_DEBUG_INFO = INCLUDE_SOURCE;
				MTL_FAST_MATH = YES;
				ONLY_ACTIVE_ARCH = YES;
				SDKROOT = iphoneos;
				SWIFT_ACTIVE_COMPILATION_CONDITIONS = DEBUG;
				SWIFT_OPTIMIZATION_LEVEL = "-Onone";
			};
			name = Debug;
		};
		07B1ED03268106E600B1C957 /* Release */ = {
			isa = XCBuildConfiguration;
			buildSettings = {
				ALWAYS_SEARCH_USER_PATHS = NO;
				CLANG_ANALYZER_NONNULL = YES;
				CLANG_ANALYZER_NUMBER_OBJECT_CONVERSION = YES_AGGRESSIVE;
				CLANG_CXX_LANGUAGE_STANDARD = "gnu++14";
				CLANG_CXX_LIBRARY = "libc++";
				CLANG_ENABLE_MODULES = YES;
				CLANG_ENABLE_OBJC_ARC = YES;
				CLANG_ENABLE_OBJC_WEAK = YES;
				CLANG_WARN_BLOCK_CAPTURE_AUTORELEASING = YES;
				CLANG_WARN_BOOL_CONVERSION = YES;
				CLANG_WARN_COMMA = YES;
				CLANG_WARN_CONSTANT_CONVERSION = YES;
				CLANG_WARN_DEPRECATED_OBJC_IMPLEMENTATIONS = YES;
				CLANG_WARN_DIRECT_OBJC_ISA_USAGE = YES_ERROR;
				CLANG_WARN_DOCUMENTATION_COMMENTS = YES;
				CLANG_WARN_EMPTY_BODY = YES;
				CLANG_WARN_ENUM_CONVERSION = YES;
				CLANG_WARN_INFINITE_RECURSION = YES;
				CLANG_WARN_INT_CONVERSION = YES;
				CLANG_WARN_NON_LITERAL_NULL_CONVERSION = YES;
				CLANG_WARN_OBJC_IMPLICIT_RETAIN_SELF = YES;
				CLANG_WARN_OBJC_LITERAL_CONVERSION = YES;
				CLANG_WARN_OBJC_ROOT_CLASS = YES_ERROR;
				CLANG_WARN_QUOTED_INCLUDE_IN_FRAMEWORK_HEADER = YES;
				CLANG_WARN_RANGE_LOOP_ANALYSIS = YES;
				CLANG_WARN_STRICT_PROTOTYPES = YES;
				CLANG_WARN_SUSPICIOUS_MOVE = YES;
				CLANG_WARN_UNGUARDED_AVAILABILITY = YES_AGGRESSIVE;
				CLANG_WARN_UNREACHABLE_CODE = YES;
				CLANG_WARN__DUPLICATE_METHOD_MATCH = YES;
				COPY_PHASE_STRIP = NO;
				DEBUG_INFORMATION_FORMAT = "dwarf-with-dsym";
				ENABLE_NS_ASSERTIONS = NO;
				ENABLE_STRICT_OBJC_MSGSEND = YES;
				GCC_C_LANGUAGE_STANDARD = gnu11;
				GCC_NO_COMMON_BLOCKS = YES;
				GCC_WARN_64_TO_32_BIT_CONVERSION = YES;
				GCC_WARN_ABOUT_RETURN_TYPE = YES_ERROR;
				GCC_WARN_UNDECLARED_SELECTOR = YES;
				GCC_WARN_UNINITIALIZED_AUTOS = YES_AGGRESSIVE;
				GCC_WARN_UNUSED_FUNCTION = YES;
				GCC_WARN_UNUSED_VARIABLE = YES;
				IPHONEOS_DEPLOYMENT_TARGET = 14.5;
				MTL_ENABLE_DEBUG_INFO = NO;
				MTL_FAST_MATH = YES;
				SDKROOT = iphoneos;
				SWIFT_COMPILATION_MODE = wholemodule;
				SWIFT_OPTIMIZATION_LEVEL = "-O";
				VALIDATE_PRODUCT = YES;
			};
			name = Release;
		};
		07B1ED05268106E600B1C957 /* Debug */ = {
			isa = XCBuildConfiguration;
			buildSettings = {
				ASSETCATALOG_COMPILER_APPICON_NAME = AppIcon;
				ASSETCATALOG_COMPILER_GLOBAL_ACCENT_COLOR_NAME = AccentColor;
				CODE_SIGN_STYLE = Automatic;
				INFOPLIST_FILE = SpotibyMusic/Info.plist;
				LD_RUNPATH_SEARCH_PATHS = (
					"$(inherited)",
					"@executable_path/Frameworks",
				);
				PRODUCT_BUNDLE_IDENTIFIER = Luiz.SpotibyMusic;
				PRODUCT_NAME = "$(TARGET_NAME)";
				SWIFT_VERSION = 5.0;
				TARGETED_DEVICE_FAMILY = "1,2";
			};
			name = Debug;
		};
		07B1ED06268106E600B1C957 /* Release */ = {
			isa = XCBuildConfiguration;
			buildSettings = {
				ASSETCATALOG_COMPILER_APPICON_NAME = AppIcon;
				ASSETCATALOG_COMPILER_GLOBAL_ACCENT_COLOR_NAME = AccentColor;
				CODE_SIGN_STYLE = Automatic;
				INFOPLIST_FILE = SpotibyMusic/Info.plist;
				LD_RUNPATH_SEARCH_PATHS = (
					"$(inherited)",
					"@executable_path/Frameworks",
				);
				PRODUCT_BUNDLE_IDENTIFIER = Luiz.SpotibyMusic;
				PRODUCT_NAME = "$(TARGET_NAME)";
				SWIFT_VERSION = 5.0;
				TARGETED_DEVICE_FAMILY = "1,2";
			};
			name = Release;
		};
/* End XCBuildConfiguration section */

/* Begin XCConfigurationList section */
		07B1ECEB268106E300B1C957 /* Build configuration list for PBXProject "SpotibyMusic" */ = {
			isa = XCConfigurationList;
			buildConfigurations = (
				07B1ED02268106E600B1C957 /* Debug */,
				07B1ED03268106E600B1C957 /* Release */,
			);
			defaultConfigurationIsVisible = 0;
			defaultConfigurationName = Release;
		};
		07B1ED04268106E600B1C957 /* Build configuration list for PBXNativeTarget "SpotibyMusic" */ = {
			isa = XCConfigurationList;
			buildConfigurations = (
				07B1ED05268106E600B1C957 /* Debug */,
				07B1ED06268106E600B1C957 /* Release */,
			);
			defaultConfigurationIsVisible = 0;
			defaultConfigurationName = Release;
		};
/* End XCConfigurationList section */
	};
	rootObject = 07B1ECE8268106E300B1C957 /* Project object */;
}
